
Microsoft Visual Studio Solution File, Format Version 12.00
# Visual Studio Version 16
VisualStudioVersion = 16.0.32602.291
MinimumVisualStudioVersion = 10.0.40219.1
Project("{FAE04EC0-301F-11D3-BF4B-00C04F79EFBC}") = "Twitter Tweet Tracker Web", "Twitter Tweet Tracker Web\Twitter Tweet Tracker Web.csproj", "{EDA49F72-79F0-4FF1-BB63-348212DDBA71}"
EndProject
Global
	GlobalSection(SolutionConfigurationPlatforms) = preSolution
		Debug|Any CPU = Debug|Any CPU
		Release|Any CPU = Release|Any CPU
	EndGlobalSection
	GlobalSection(ProjectConfigurationPlatforms) = postSolution
		{EDA49F72-79F0-4FF1-BB63-348212DDBA71}.Debug|Any CPU.ActiveCfg = Debug|Any CPU
		{EDA49F72-79F0-4FF1-BB63-348212DDBA71}.Debug|Any CPU.Build.0 = Debug|Any CPU
		{EDA49F72-79F0-4FF1-BB63-348212DDBA71}.Release|Any CPU.ActiveCfg = Release|Any CPU
		{EDA49F72-79F0-4FF1-BB63-348212DDBA71}.Release|Any CPU.Build.0 = Release|Any CPU
	EndGlobalSection
	GlobalSection(SolutionProperties) = preSolution
		HideSolutionNode = FALSE
	EndGlobalSection
	GlobalSection(ExtensibilityGlobals) = postSolution
		SolutionGuid = {1CBA7033-4019-4CA3-AE1F-D551627856A4}
	EndGlobalSection
EndGlobal
